{
  "name": "ngx-onsenui",
  "version": "7.1.0",
  "lockfileVersion": 2,
  "requires": true,
  "packages": {
    "": {
      "name": "ngx-onsenui",
      "version": "7.1.0",
      "peerDependencies": {
        "@angular/common": "^14.2.9",
        "@angular/core": "^14.2.9",
        "onsenui": "~2.11.2"
      }
    },
    "node_modules/@angular/common": {
      "version": "14.2.9",
      "resolved": "https://registry.npmjs.org/@angular/common/-/common-14.2.9.tgz",
      "integrity": "sha512-nC1He98gj4FQqSo31Fb9ZJ+Ao3jJbmAg1JAdF5L0tkY70YydM91HXAp/JDrJ12O7IomenAwEHONFCVxgUfqUJw==",
      "peer": true,
      "dependencies": {
        "tslib": "^2.3.0"
      },
      "engines": {
        "node": "^14.15.0 || >=16.10.0"
      },
      "peerDependencies": {
        "@angular/core": "14.2.9",
        "rxjs": "^6.5.3 || ^7.4.0"
      }
    },
    "node_modules/@angular/core": {
      "version": "14.2.9",
      "resolved": "https://registry.npmjs.org/@angular/core/-/core-14.2.9.tgz",
      "integrity": "sha512-6bExQgGmN9qmBbVMl7WaZ1KFSfTgFK+MmLbvoh4a29b47h7wvEuUWO7ulczzoUJQfMGfXU/4ypEW1a8ZhX+Xrg==",
      "peer": true,
      "dependencies": {
        "tslib": "^2.3.0"
      },
      "engines": {
        "node": "^14.15.0 || >=16.10.0"
      },
      "peerDependencies": {
        "rxjs": "^6.5.3 || ^7.4.0",
        "zone.js": "~0.11.4"
      }
    },
    "node_modules/@onsenui/custom-elements": {
      "version": "1.0.0",
      "resolved": "https://registry.npmjs.org/@onsenui/custom-elements/-/custom-elements-1.0.0.tgz",
      "integrity": "sha512-KhYeDFhQyE6j3xxWqyu3q8KgeuaRGUwDjuHnmS1gRri+OZ6w6CUqYPn6kidZjXz+LkU2dEp/D+BWo+9Qi6nSSQ==",
      "peer": true
    },
    "node_modules/core-js": {
      "version": "2.6.12",
      "resolved": "https://registry.npmjs.org/core-js/-/core-js-2.6.12.tgz",
      "integrity": "sha512-Kb2wC0fvsWfQrgk8HU5lW6U/Lcs8+9aaYcy4ZFc6DDlo4nZ7n70dEgE5rtR0oG6ufKDUnrwfWL1mXR5ljDatrQ==",
      "deprecated": "core-js@<3.23.3 is no longer maintained and not recommended for usage due to the number of issues. Because of the V8 engine whims, feature detection in old core-js versions could cause a slowdown up to 100x even if nothing is polyfilled. Some versions have web compatibility issues. Please, upgrade your dependencies to the actual version of core-js.",
      "hasInstallScript": true,
      "peer": true
    },
    "node_modules/onsenui": {
      "version": "2.11.2",
      "resolved": "https://registry.npmjs.org/onsenui/-/onsenui-2.11.2.tgz",
      "integrity": "sha512-gllq4jJvFynSt+i4oujYdkQ/lrtfWfLXsFHEyx2SsbQ7R7B0xiGNbl2l1xGjunncwvKSZ1nxmaZEbDHElUmKEw==",
      "peer": true,
      "dependencies": {
        "@onsenui/custom-elements": "1.0.0",
        "core-js": "^2.6.12"
      },
      "engines": {
        "node": ">= 4.0.0"
      }
    },
    "node_modules/rxjs": {
      "version": "7.5.7",
      "resolved": "https://registry.npmjs.org/rxjs/-/rxjs-7.5.7.tgz",
      "integrity": "sha512-z9MzKh/UcOqB3i20H6rtrlaE/CgjLOvheWK/9ILrbhROGTweAi1BaFsTT9FbwZi5Trr1qNRs+MXkhmR06awzQA==",
      "peer": true,
      "dependencies": {
        "tslib": "^2.1.0"
      }
    },
    "node_modules/tslib": {
      "version": "2.4.1",
      "resolved": "https://registry.npmjs.org/tslib/-/tslib-2.4.1.tgz",
      "integrity": "sha512-tGyy4dAjRIEwI7BzsB0lynWgOpfqjUdq91XXAlIWD2OwKBH7oCl/GZG/HT4BOHrTlPMOASlMQ7veyTqpmRcrNA==",
      "peer": true
    },
    "node_modules/zone.js": {
      "version": "0.11.8",
      "resolved": "https://registry.npmjs.org/zone.js/-/zone.js-0.11.8.tgz",
      "integrity": "sha512-82bctBg2hKcEJ21humWIkXRlLBBmrc3nN7DFh5LGGhcyycO2S7FN8NmdvlcKaGFDNVL4/9kFLmwmInTavdJERA==",
      "peer": true,
      "dependencies": {
        "tslib": "^2.3.0"
      }
    }
  },
  "dependencies": {
    "@angular/common": {
      "version": "14.2.9",
      "resolved": "https://registry.npmjs.org/@angular/common/-/common-14.2.9.tgz",
      "integrity": "sha512-nC1He98gj4FQqSo31Fb9ZJ+Ao3jJbmAg1JAdF5L0tkY70YydM91HXAp/JDrJ12O7IomenAwEHONFCVxgUfqUJw==",
      "peer": true,
      "requires": {
        "tslib": "^2.3.0"
      }
    },
    "@angular/core": {
      "version": "14.2.9",
      "resolved": "https://registry.npmjs.org/@angular/core/-/core-14.2.9.tgz",
      "integrity": "sha512-6bExQgGmN9qmBbVMl7WaZ1KFSfTgFK+MmLbvoh4a29b47h7wvEuUWO7ulczzoUJQfMGfXU/4ypEW1a8ZhX+Xrg==",
      "peer": true,
      "requires": {
        "tslib": "^2.3.0"
      }
    },
    "@onsenui/custom-elements": {
      "version": "1.0.0",
      "resolved": "https://registry.npmjs.org/@onsenui/custom-elements/-/custom-elements-1.0.0.tgz",
      "integrity": "sha512-KhYeDFhQyE6j3xxWqyu3q8KgeuaRGUwDjuHnmS1gRri+OZ6w6CUqYPn6kidZjXz+LkU2dEp/D+BWo+9Qi6nSSQ==",
      "peer": true
    },
    "core-js": {
      "version": "2.6.12",
      "resolved": "https://registry.npmjs.org/core-js/-/core-js-2.6.12.tgz",
      "integrity": "sha512-Kb2wC0fvsWfQrgk8HU5lW6U/Lcs8+9aaYcy4ZFc6DDlo4nZ7n70dEgE5rtR0oG6ufKDUnrwfWL1mXR5ljDatrQ==",
      "peer": true
    },
    "onsenui": {
      "version": "2.11.2",
      "resolved": "https://registry.npmjs.org/onsenui/-/onsenui-2.11.2.tgz",
      "integrity": "sha512-gllq4jJvFynSt+i4oujYdkQ/lrtfWfLXsFHEyx2SsbQ7R7B0xiGNbl2l1xGjunncwvKSZ1nxmaZEbDHElUmKEw==",
      "peer": true,
      "requires": {
        "@onsenui/custom-elements": "1.0.0",
        "core-js": "^2.6.12"
      }
    },
    "rxjs": {
      "version": "7.5.7",
      "resolved": "https://registry.npmjs.org/rxjs/-/rxjs-7.5.7.tgz",
      "integrity": "sha512-z9MzKh/UcOqB3i20H6rtrlaE/CgjLOvheWK/9ILrbhROGTweAi1BaFsTT9FbwZi5Trr1qNRs+MXkhmR06awzQA==",
      "peer": true,
      "requires": {
        "tslib": "^2.1.0"
      }
    },
    "tslib": {
      "version": "2.4.1",
      "resolved": "https://registry.npmjs.org/tslib/-/tslib-2.4.1.tgz",
      "integrity": "sha512-tGyy4dAjRIEwI7BzsB0lynWgOpfqjUdq91XXAlIWD2OwKBH7oCl/GZG/HT4BOHrTlPMOASlMQ7veyTqpmRcrNA==",
      "peer": true
    },
    "zone.js": {
      "version": "0.11.8",
      "resolved": "https://registry.npmjs.org/zone.js/-/zone.js-0.11.8.tgz",
      "integrity": "sha512-82bctBg2hKcEJ21humWIkXRlLBBmrc3nN7DFh5LGGhcyycO2S7FN8NmdvlcKaGFDNVL4/9kFLmwmInTavdJERA==",
      "peer": true,
      "requires": {
        "tslib": "^2.3.0"
      }
    }
  }
}
